
Microsoft Visual Studio Solution File, Format Version 12.00
# Visual Studio Version 16
VisualStudioVersion = 16.0.29728.190
MinimumVisualStudioVersion = 10.0.40219.1
Project("{FAE04EC0-301F-11D3-BF4B-00C04F79EFBC}") = "ConsoleMVCSQL", "ConsoleMVCSQL\ConsoleMVCSQL.csproj", "{DA711DE1-5178-428B-9CB6-B616237E13B6}"
EndProject
Project("{FAE04EC0-301F-11D3-BF4B-00C04F79EFBC}") = "BDProjetoRepositorio", "BDInicialRepositorio\BDProjetoRepositorio.csproj", "{B209C370-0D8E-4907-8455-30B689847F78}"
EndProject
Project("{FAE04EC0-301F-11D3-BF4B-00C04F79EFBC}") = "BDProjetoDominio", "BDProjetoDominio\BDProjetoDominio.csproj", "{1028D778-94FF-42E3-8DF2-A11031907715}"
EndProject
Project("{FAE04EC0-301F-11D3-BF4B-00C04F79EFBC}") = "BDProjetoAplicacao", "BDProjetoAplicacao\BDProjetoAplicacao.csproj", "{C406D16B-BC74-476C-BDFD-FF6F81D60DD2}"
EndProject
Project("{FAE04EC0-301F-11D3-BF4B-00C04F79EFBC}") = "WebApplication", "WebApplication\WebApplication.csproj", "{348403D8-B84E-42F1-9DAF-31CF36CC2E3A}"
EndProject
Global
	GlobalSection(SolutionConfigurationPlatforms) = preSolution
		Debug|Any CPU = Debug|Any CPU
		Release|Any CPU = Release|Any CPU
	EndGlobalSection
	GlobalSection(ProjectConfigurationPlatforms) = postSolution
		{DA711DE1-5178-428B-9CB6-B616237E13B6}.Debug|Any CPU.ActiveCfg = Debug|Any CPU
		{DA711DE1-5178-428B-9CB6-B616237E13B6}.Debug|Any CPU.Build.0 = Debug|Any CPU
		{DA711DE1-5178-428B-9CB6-B616237E13B6}.Release|Any CPU.ActiveCfg = Release|Any CPU
		{DA711DE1-5178-428B-9CB6-B616237E13B6}.Release|Any CPU.Build.0 = Release|Any CPU
		{B209C370-0D8E-4907-8455-30B689847F78}.Debug|Any CPU.ActiveCfg = Debug|Any CPU
		{B209C370-0D8E-4907-8455-30B689847F78}.Debug|Any CPU.Build.0 = Debug|Any CPU
		{B209C370-0D8E-4907-8455-30B689847F78}.Release|Any CPU.ActiveCfg = Release|Any CPU
		{B209C370-0D8E-4907-8455-30B689847F78}.Release|Any CPU.Build.0 = Release|Any CPU
		{1028D778-94FF-42E3-8DF2-A11031907715}.Debug|Any CPU.ActiveCfg = Debug|Any CPU
		{1028D778-94FF-42E3-8DF2-A11031907715}.Debug|Any CPU.Build.0 = Debug|Any CPU
		{1028D778-94FF-42E3-8DF2-A11031907715}.Release|Any CPU.ActiveCfg = Release|Any CPU
		{1028D778-94FF-42E3-8DF2-A11031907715}.Release|Any CPU.Build.0 = Release|Any CPU
		{C406D16B-BC74-476C-BDFD-FF6F81D60DD2}.Debug|Any CPU.ActiveCfg = Debug|Any CPU
		{C406D16B-BC74-476C-BDFD-FF6F81D60DD2}.Debug|Any CPU.Build.0 = Debug|Any CPU
		{C406D16B-BC74-476C-BDFD-FF6F81D60DD2}.Release|Any CPU.ActiveCfg = Release|Any CPU
		{C406D16B-BC74-476C-BDFD-FF6F81D60DD2}.Release|Any CPU.Build.0 = Release|Any CPU
		{348403D8-B84E-42F1-9DAF-31CF36CC2E3A}.Debug|Any CPU.ActiveCfg = Debug|Any CPU
		{348403D8-B84E-42F1-9DAF-31CF36CC2E3A}.Debug|Any CPU.Build.0 = Debug|Any CPU
		{348403D8-B84E-42F1-9DAF-31CF36CC2E3A}.Release|Any CPU.ActiveCfg = Release|Any CPU
		{348403D8-B84E-42F1-9DAF-31CF36CC2E3A}.Release|Any CPU.Build.0 = Release|Any CPU
	EndGlobalSection
	GlobalSection(SolutionProperties) = preSolution
		HideSolutionNode = FALSE
	EndGlobalSection
	GlobalSection(ExtensibilityGlobals) = postSolution
		SolutionGuid = {BA668CB9-8967-40AF-9077-4008546C4C0B}
	EndGlobalSection
EndGlobal
